{
  "pins" : [
    {
      "identity" : "zxcvbn-swift",
      "kind" : "remoteSourceControl",
      "location" : "https://github.com/scr037/zxcvbn-swift",
      "state" : {
        "branch" : "master",
        "revision" : "ae0c3d5c01d8492119f15e54c44297f9822a9afb"
      }
    },
    {
      "identity" : "zxcvbn.swift",
      "kind" : "remoteSourceControl",
      "location" : "https://github.com/quickbit/zxcvbn.swift",
      "state" : {
        "branch" : "main",
        "revision" : "2a43d02abd5ba62136b7dadbb81235fc2736d78f"
      }
    }
  ],
  "version" : 2
}
