// !$*UTF8*$!
{
	archiveVersion = 1;
	classes = {
	};
	objectVersion = 56;
	objects = {

/* Begin PBXBuildFile section */
		F87213B3297C470700FB289A /* PasswordVerifierApp.swift in Sources */ = {isa = PBXBuildFile; fileRef = F87213B2297C470700FB289A /* PasswordVerifierApp.swift */; };
		F87213B5297C470700FB289A /* ContentView.swift in Sources */ = {isa = PBXBuildFile; fileRef = F87213B4297C470700FB289A /* ContentView.swift */; };
		F87213B7297C470900FB289A /* Assets.xcassets in Resources */ = {isa = PBXBuildFile; fileRef = F87213B6297C470900FB289A /* Assets.xcassets */; };
		F87213BA297C470900FB289A /* Preview Assets.xcassets in Resources */ = {isa = PBXBuildFile; fileRef = F87213B9297C470900FB289A /* Preview Assets.xcassets */; };
		F87213C4297C470900FB289A /* PasswordVerifierTests.swift in Sources */ = {isa = PBXBuildFile; fileRef = F87213C3297C470900FB289A /* PasswordVerifierTests.swift */; };
		F87213CE297C470900FB289A /* PasswordVerifierUITests.swift in Sources */ = {isa = PBXBuildFile; fileRef = F87213CD297C470900FB289A /* PasswordVerifierUITests.swift */; };
		F87213D0297C470900FB289A /* PasswordVerifierUITestsLaunchTests.swift in Sources */ = {isa = PBXBuildFile; fileRef = F87213CF297C470900FB289A /* PasswordVerifierUITestsLaunchTests.swift */; };
		F87213DF297C48F800FB289A /* Model.swift in Sources */ = {isa = PBXBuildFile; fileRef = F87213DE297C48F800FB289A /* Model.swift */; };
		F87213E1297C4AD900FB289A /* TextFieldView.swift in Sources */ = {isa = PBXBuildFile; fileRef = F87213E0297C4AD900FB289A /* TextFieldView.swift */; };
		F87213E3297C4DB900FB289A /* StrengthBarView.swift in Sources */ = {isa = PBXBuildFile; fileRef = F87213E2297C4DB900FB289A /* StrengthBarView.swift */; };
		F87213E8297C6A3400FB289A /* CheckerView.swift in Sources */ = {isa = PBXBuildFile; fileRef = F87213E7297C6A3400FB289A /* CheckerView.swift */; };
		F87213EA297C6B6500FB289A /* GeneratorView.swift in Sources */ = {isa = PBXBuildFile; fileRef = F87213E9297C6B6500FB289A /* GeneratorView.swift */; };
		F87213EE297C862800FB289A /* SuggestionView.swift in Sources */ = {isa = PBXBuildFile; fileRef = F87213ED297C862800FB289A /* SuggestionView.swift */; };
		F87213F1297C9C7C00FB289A /* Utility.swift in Sources */ = {isa = PBXBuildFile; fileRef = F87213F0297C9C7C00FB289A /* Utility.swift */; };
		F87213FA297CFC6A00FB289A /* ExtraSuggestionsView.swift in Sources */ = {isa = PBXBuildFile; fileRef = F87213F9297CFC6A00FB289A /* ExtraSuggestionsView.swift */; };
		F87213FC297D172A00FB289A /* LoginView.swift in Sources */ = {isa = PBXBuildFile; fileRef = F87213FB297D172A00FB289A /* LoginView.swift */; };
		F87213FE297D17CD00FB289A /* LoginBoxView.swift in Sources */ = {isa = PBXBuildFile; fileRef = F87213FD297D17CD00FB289A /* LoginBoxView.swift */; };
		F8721401297D187200FB289A /* AuthModel.swift in Sources */ = {isa = PBXBuildFile; fileRef = F8721400297D187200FB289A /* AuthModel.swift */; };
		F8721403297D223200FB289A /* GeneratePassword.swift in Sources */ = {isa = PBXBuildFile; fileRef = F8721402297D223200FB289A /* GeneratePassword.swift */; };
		F8721405297D244800FB289A /* AlertModel.swift in Sources */ = {isa = PBXBuildFile; fileRef = F8721404297D244800FB289A /* AlertModel.swift */; };
		F8721407297D2C6700FB289A /* GraphView.swift in Sources */ = {isa = PBXBuildFile; fileRef = F8721406297D2C6700FB289A /* GraphView.swift */; };
		F8721409297D3B3A00FB289A /* SuggestionItemView.swift in Sources */ = {isa = PBXBuildFile; fileRef = F8721408297D3B3A00FB289A /* SuggestionItemView.swift */; };
		F872140C297D6FAF00FB289A /* Zxcvbn in Frameworks */ = {isa = PBXBuildFile; productRef = F872140B297D6FAF00FB289A /* Zxcvbn */; };
		F872140F297D720500FB289A /* ZxcvbnSwift in Frameworks */ = {isa = PBXBuildFile; productRef = F872140E297D720500FB289A /* ZxcvbnSwift */; };
/* End PBXBuildFile section */

/* Begin PBXContainerItemProxy section */
		F87213C0297C470900FB289A /* PBXContainerItemProxy */ = {
			isa = PBXContainerItemProxy;
			containerPortal = F87213A7297C470700FB289A /* Project object */;
			proxyType = 1;
			remoteGlobalIDString = F87213AE297C470700FB289A;
			remoteInfo = PasswordVerifier;
		};
		F87213CA297C470900FB289A /* PBXContainerItemProxy */ = {
			isa = PBXContainerItemProxy;
			containerPortal = F87213A7297C470700FB289A /* Project object */;
			proxyType = 1;
			remoteGlobalIDString = F87213AE297C470700FB289A;
			remoteInfo = PasswordVerifier;
		};
/* End PBXContainerItemProxy section */

/* Begin PBXFileReference section */
		F87213AF297C470700FB289A /* PasswordVerifier.app */ = {isa = PBXFileReference; explicitFileType = wrapper.application; includeInIndex = 0; path = PasswordVerifier.app; sourceTree = BUILT_PRODUCTS_DIR; };
		F87213B2297C470700FB289A /* PasswordVerifierApp.swift */ = {isa = PBXFileReference; lastKnownFileType = sourcecode.swift; path = PasswordVerifierApp.swift; sourceTree = "<group>"; };
		F87213B4297C470700FB289A /* ContentView.swift */ = {isa = PBXFileReference; lastKnownFileType = sourcecode.swift; path = ContentView.swift; sourceTree = "<group>"; };
		F87213B6297C470900FB289A /* Assets.xcassets */ = {isa = PBXFileReference; lastKnownFileType = folder.assetcatalog; path = Assets.xcassets; sourceTree = "<group>"; };
		F87213B9297C470900FB289A /* Preview Assets.xcassets */ = {isa = PBXFileReference; lastKnownFileType = folder.assetcatalog; path = "Preview Assets.xcassets"; sourceTree = "<group>"; };
		F87213BF297C470900FB289A /* PasswordVerifierTests.xctest */ = {isa = PBXFileReference; explicitFileType = wrapper.cfbundle; includeInIndex = 0; path = PasswordVerifierTests.xctest; sourceTree = BUILT_PRODUCTS_DIR; };
		F87213C3297C470900FB289A /* PasswordVerifierTests.swift */ = {isa = PBXFileReference; lastKnownFileType = sourcecode.swift; path = PasswordVerifierTests.swift; sourceTree = "<group>"; };
		F87213C9297C470900FB289A /* PasswordVerifierUITests.xctest */ = {isa = PBXFileReference; explicitFileType = wrapper.cfbundle; includeInIndex = 0; path = PasswordVerifierUITests.xctest; sourceTree = BUILT_PRODUCTS_DIR; };
		F87213CD297C470900FB289A /* PasswordVerifierUITests.swift */ = {isa = PBXFileReference; lastKnownFileType = sourcecode.swift; path = PasswordVerifierUITests.swift; sourceTree = "<group>"; };
		F87213CF297C470900FB289A /* PasswordVerifierUITestsLaunchTests.swift */ = {isa = PBXFileReference; lastKnownFileType = sourcecode.swift; path = PasswordVerifierUITestsLaunchTests.swift; sourceTree = "<group>"; };
		F87213DE297C48F800FB289A /* Model.swift */ = {isa = PBXFileReference; lastKnownFileType = sourcecode.swift; path = Model.swift; sourceTree = "<group>"; };
		F87213E0297C4AD900FB289A /* TextFieldView.swift */ = {isa = PBXFileReference; lastKnownFileType = sourcecode.swift; path = TextFieldView.swift; sourceTree = "<group>"; };
		F87213E2297C4DB900FB289A /* StrengthBarView.swift */ = {isa = PBXFileReference; lastKnownFileType = sourcecode.swift; path = StrengthBarView.swift; sourceTree = "<group>"; };
		F87213E7297C6A3400FB289A /* CheckerView.swift */ = {isa = PBXFileReference; lastKnownFileType = sourcecode.swift; path = CheckerView.swift; sourceTree = "<group>"; };
		F87213E9297C6B6500FB289A /* GeneratorView.swift */ = {isa = PBXFileReference; lastKnownFileType = sourcecode.swift; path = GeneratorView.swift; sourceTree = "<group>"; };
		F87213ED297C862800FB289A /* SuggestionView.swift */ = {isa = PBXFileReference; lastKnownFileType = sourcecode.swift; path = SuggestionView.swift; sourceTree = "<group>"; };
		F87213EF297C998100FB289A /* PasswordVerifier.entitlements */ = {isa = PBXFileReference; lastKnownFileType = text.plist.entitlements; path = PasswordVerifier.entitlements; sourceTree = "<group>"; };
		F87213F0297C9C7C00FB289A /* Utility.swift */ = {isa = PBXFileReference; lastKnownFileType = sourcecode.swift; path = Utility.swift; sourceTree = "<group>"; };
		F87213F9297CFC6A00FB289A /* ExtraSuggestionsView.swift */ = {isa = PBXFileReference; lastKnownFileType = sourcecode.swift; path = ExtraSuggestionsView.swift; sourceTree = "<group>"; };
		F87213FB297D172A00FB289A /* LoginView.swift */ = {isa = PBXFileReference; lastKnownFileType = sourcecode.swift; path = LoginView.swift; sourceTree = "<group>"; };
		F87213FD297D17CD00FB289A /* LoginBoxView.swift */ = {isa = PBXFileReference; fileEncoding = 4; lastKnownFileType = sourcecode.swift; path = LoginBoxView.swift; sourceTree = "<group>"; };
		F8721400297D187200FB289A /* AuthModel.swift */ = {isa = PBXFileReference; lastKnownFileType = sourcecode.swift; path = AuthModel.swift; sourceTree = "<group>"; };
		F8721402297D223200FB289A /* GeneratePassword.swift */ = {isa = PBXFileReference; lastKnownFileType = sourcecode.swift; path = GeneratePassword.swift; sourceTree = "<group>"; };
		F8721404297D244800FB289A /* AlertModel.swift */ = {isa = PBXFileReference; lastKnownFileType = sourcecode.swift; path = AlertModel.swift; sourceTree = "<group>"; };
		F8721406297D2C6700FB289A /* GraphView.swift */ = {isa = PBXFileReference; lastKnownFileType = sourcecode.swift; path = GraphView.swift; sourceTree = "<group>"; };
		F8721408297D3B3A00FB289A /* SuggestionItemView.swift */ = {isa = PBXFileReference; lastKnownFileType = sourcecode.swift; path = SuggestionItemView.swift; sourceTree = "<group>"; };
/* End PBXFileReference section */

/* Begin PBXFrameworksBuildPhase section */
		F87213AC297C470700FB289A /* Frameworks */ = {
			isa = PBXFrameworksBuildPhase;
			buildActionMask = 2147483647;
			files = (
				F872140C297D6FAF00FB289A /* Zxcvbn in Frameworks */,
				F872140F297D720500FB289A /* ZxcvbnSwift in Frameworks */,
			);
			runOnlyForDeploymentPostprocessing = 0;
		};
		F87213BC297C470900FB289A /* Frameworks */ = {
			isa = PBXFrameworksBuildPhase;
			buildActionMask = 2147483647;
			files = (
			);
			runOnlyForDeploymentPostprocessing = 0;
		};
		F87213C6297C470900FB289A /* Frameworks */ = {
			isa = PBXFrameworksBuildPhase;
			buildActionMask = 2147483647;
			files = (
			);
			runOnlyForDeploymentPostprocessing = 0;
		};
/* End PBXFrameworksBuildPhase section */

/* Begin PBXGroup section */
		F87213A6297C470700FB289A = {
			isa = PBXGroup;
			children = (
				F87213B1297C470700FB289A /* PasswordVerifier */,
				F87213C2297C470900FB289A /* PasswordVerifierTests */,
				F87213CC297C470900FB289A /* PasswordVerifierUITests */,
				F87213B0297C470700FB289A /* Products */,
			);
			sourceTree = "<group>";
		};
		F87213B0297C470700FB289A /* Products */ = {
			isa = PBXGroup;
			children = (
				F87213AF297C470700FB289A /* PasswordVerifier.app */,
				F87213BF297C470900FB289A /* PasswordVerifierTests.xctest */,
				F87213C9297C470900FB289A /* PasswordVerifierUITests.xctest */,
			);
			name = Products;
			sourceTree = "<group>";
		};
		F87213B1297C470700FB289A /* PasswordVerifier */ = {
			isa = PBXGroup;
			children = (
				F87213EF297C998100FB289A /* PasswordVerifier.entitlements */,
				F87213B2297C470700FB289A /* PasswordVerifierApp.swift */,
				F87213EB297C6BAA00FB289A /* Views */,
				F87213DD297C48E000FB289A /* ViewModel */,
				F87213FF297D180B00FB289A /* Commons */,
				F87213B8297C470900FB289A /* Preview Content */,
			);
			path = PasswordVerifier;
			sourceTree = "<group>";
		};
		F87213B8297C470900FB289A /* Preview Content */ = {
			isa = PBXGroup;
			children = (
				F87213B9297C470900FB289A /* Preview Assets.xcassets */,
			);
			path = "Preview Content";
			sourceTree = "<group>";
		};
		F87213C2297C470900FB289A /* PasswordVerifierTests */ = {
			isa = PBXGroup;
			children = (
				F87213C3297C470900FB289A /* PasswordVerifierTests.swift */,
			);
			path = PasswordVerifierTests;
			sourceTree = "<group>";
		};
		F87213CC297C470900FB289A /* PasswordVerifierUITests */ = {
			isa = PBXGroup;
			children = (
				F87213CD297C470900FB289A /* PasswordVerifierUITests.swift */,
				F87213CF297C470900FB289A /* PasswordVerifierUITestsLaunchTests.swift */,
			);
			path = PasswordVerifierUITests;
			sourceTree = "<group>";
		};
		F87213DC297C48C300FB289A /* CheckerViews */ = {
			isa = PBXGroup;
			children = (
				F87213E7297C6A3400FB289A /* CheckerView.swift */,
				F87213E2297C4DB900FB289A /* StrengthBarView.swift */,
				F87213E0297C4AD900FB289A /* TextFieldView.swift */,
				F8721406297D2C6700FB289A /* GraphView.swift */,
			);
			path = CheckerViews;
			sourceTree = "<group>";
		};
		F87213DD297C48E000FB289A /* ViewModel */ = {
			isa = PBXGroup;
			children = (
				F87213DE297C48F800FB289A /* Model.swift */,
				F8721400297D187200FB289A /* AuthModel.swift */,
				F8721404297D244800FB289A /* AlertModel.swift */,
			);
			path = ViewModel;
			sourceTree = "<group>";
		};
		F87213EB297C6BAA00FB289A /* Views */ = {
			isa = PBXGroup;
			children = (
				F87213B4297C470700FB289A /* ContentView.swift */,
				F87213DC297C48C300FB289A /* CheckerViews */,
				F87213EC297C6BC200FB289A /* GeneratorViews */,
				F87213F8297CFC4500FB289A /* SuggestionViews */,
			);
			path = Views;
			sourceTree = "<group>";
		};
		F87213EC297C6BC200FB289A /* GeneratorViews */ = {
			isa = PBXGroup;
			children = (
				F87213E9297C6B6500FB289A /* GeneratorView.swift */,
				F87213FB297D172A00FB289A /* LoginView.swift */,
				F87213FD297D17CD00FB289A /* LoginBoxView.swift */,
			);
			path = GeneratorViews;
			sourceTree = "<group>";
		};
		F87213F8297CFC4500FB289A /* SuggestionViews */ = {
			isa = PBXGroup;
			children = (
				F87213ED297C862800FB289A /* SuggestionView.swift */,
				F87213F9297CFC6A00FB289A /* ExtraSuggestionsView.swift */,
				F8721408297D3B3A00FB289A /* SuggestionItemView.swift */,
			);
			path = SuggestionViews;
			sourceTree = "<group>";
		};
		F87213FF297D180B00FB289A /* Commons */ = {
			isa = PBXGroup;
			children = (
				F87213F0297C9C7C00FB289A /* Utility.swift */,
				F8721402297D223200FB289A /* GeneratePassword.swift */,
				F87213B6297C470900FB289A /* Assets.xcassets */,
			);
			path = Commons;
			sourceTree = "<group>";
		};
/* End PBXGroup section */

/* Begin PBXNativeTarget section */
		F87213AE297C470700FB289A /* PasswordVerifier */ = {
			isa = PBXNativeTarget;
			buildConfigurationList = F87213D3297C470A00FB289A /* Build configuration list for PBXNativeTarget "PasswordVerifier" */;
			buildPhases = (
				F87213AB297C470700FB289A /* Sources */,
				F87213AC297C470700FB289A /* Frameworks */,
				F87213AD297C470700FB289A /* Resources */,
			);
			buildRules = (
			);
			dependencies = (
			);
			name = PasswordVerifier;
			packageProductDependencies = (
				F872140B297D6FAF00FB289A /* Zxcvbn */,
				F872140E297D720500FB289A /* ZxcvbnSwift */,
			);
			productName = PasswordVerifier;
			productReference = F87213AF297C470700FB289A /* PasswordVerifier.app */;
			productType = "com.apple.product-type.application";
		};
		F87213BE297C470900FB289A /* PasswordVerifierTests */ = {
			isa = PBXNativeTarget;
			buildConfigurationList = F87213D6297C470A00FB289A /* Build configuration list for PBXNativeTarget "PasswordVerifierTests" */;
			buildPhases = (
				F87213BB297C470900FB289A /* Sources */,
				F87213BC297C470900FB289A /* Frameworks */,
				F87213BD297C470900FB289A /* Resources */,
			);
			buildRules = (
			);
			dependencies = (
				F87213C1297C470900FB289A /* PBXTargetDependency */,
			);
			name = PasswordVerifierTests;
			productName = PasswordVerifierTests;
			productReference = F87213BF297C470900FB289A /* PasswordVerifierTests.xctest */;
			productType = "com.apple.product-type.bundle.unit-test";
		};
		F87213C8297C470900FB289A /* PasswordVerifierUITests */ = {
			isa = PBXNativeTarget;
			buildConfigurationList = F87213D9297C470A00FB289A /* Build configuration list for PBXNativeTarget "PasswordVerifierUITests" */;
			buildPhases = (
				F87213C5297C470900FB289A /* Sources */,
				F87213C6297C470900FB289A /* Frameworks */,
				F87213C7297C470900FB289A /* Resources */,
			);
			buildRules = (
			);
			dependencies = (
				F87213CB297C470900FB289A /* PBXTargetDependency */,
			);
			name = PasswordVerifierUITests;
			productName = PasswordVerifierUITests;
			productReference = F87213C9297C470900FB289A /* PasswordVerifierUITests.xctest */;
			productType = "com.apple.product-type.bundle.ui-testing";
		};
/* End PBXNativeTarget section */

/* Begin PBXProject section */
		F87213A7297C470700FB289A /* Project object */ = {
			isa = PBXProject;
			attributes = {
				BuildIndependentTargetsInParallel = 1;
				LastSwiftUpdateCheck = 1410;
				LastUpgradeCheck = 1410;
				TargetAttributes = {
					F87213AE297C470700FB289A = {
						CreatedOnToolsVersion = 14.1;
					};
					F87213BE297C470900FB289A = {
						CreatedOnToolsVersion = 14.1;
						TestTargetID = F87213AE297C470700FB289A;
					};
					F87213C8297C470900FB289A = {
						CreatedOnToolsVersion = 14.1;
						TestTargetID = F87213AE297C470700FB289A;
					};
				};
			};
			buildConfigurationList = F87213AA297C470700FB289A /* Build configuration list for PBXProject "PasswordVerifier" */;
			compatibilityVersion = "Xcode 14.0";
			developmentRegion = en;
			hasScannedForEncodings = 0;
			knownRegions = (
				en,
				Base,
			);
			mainGroup = F87213A6297C470700FB289A;
			packageReferences = (
				F872140A297D6FAF00FB289A /* XCRemoteSwiftPackageReference "zxcvbn" */,
				F872140D297D720500FB289A /* XCRemoteSwiftPackageReference "zxcvbn-swift" */,
			);
			productRefGroup = F87213B0297C470700FB289A /* Products */;
			projectDirPath = "";
			projectRoot = "";
			targets = (
				F87213AE297C470700FB289A /* PasswordVerifier */,
				F87213BE297C470900FB289A /* PasswordVerifierTests */,
				F87213C8297C470900FB289A /* PasswordVerifierUITests */,
			);
		};
/* End PBXProject section */

/* Begin PBXResourcesBuildPhase section */
		F87213AD297C470700FB289A /* Resources */ = {
			isa = PBXResourcesBuildPhase;
			buildActionMask = 2147483647;
			files = (
				F87213BA297C470900FB289A /* Preview Assets.xcassets in Resources */,
				F87213B7297C470900FB289A /* Assets.xcassets in Resources */,
			);
			runOnlyForDeploymentPostprocessing = 0;
		};
		F87213BD297C470900FB289A /* Resources */ = {
			isa = PBXResourcesBuildPhase;
			buildActionMask = 2147483647;
			files = (
			);
			runOnlyForDeploymentPostprocessing = 0;
		};
		F87213C7297C470900FB289A /* Resources */ = {
			isa = PBXResourcesBuildPhase;
			buildActionMask = 2147483647;
			files = (
			);
			runOnlyForDeploymentPostprocessing = 0;
		};
/* End PBXResourcesBuildPhase section */

/* Begin PBXSourcesBuildPhase section */
		F87213AB297C470700FB289A /* Sources */ = {
			isa = PBXSourcesBuildPhase;
			buildActionMask = 2147483647;
			files = (
				F87213DF297C48F800FB289A /* Model.swift in Sources */,
				F87213EA297C6B6500FB289A /* GeneratorView.swift in Sources */,
				F87213FE297D17CD00FB289A /* LoginBoxView.swift in Sources */,
				F8721401297D187200FB289A /* AuthModel.swift in Sources */,
				F87213F1297C9C7C00FB289A /* Utility.swift in Sources */,
				F87213EE297C862800FB289A /* SuggestionView.swift in Sources */,
				F87213B5297C470700FB289A /* ContentView.swift in Sources */,
				F8721407297D2C6700FB289A /* GraphView.swift in Sources */,
				F87213E1297C4AD900FB289A /* TextFieldView.swift in Sources */,
				F87213B3297C470700FB289A /* PasswordVerifierApp.swift in Sources */,
				F87213E3297C4DB900FB289A /* StrengthBarView.swift in Sources */,
				F87213FC297D172A00FB289A /* LoginView.swift in Sources */,
				F87213E8297C6A3400FB289A /* CheckerView.swift in Sources */,
				F87213FA297CFC6A00FB289A /* ExtraSuggestionsView.swift in Sources */,
				F8721405297D244800FB289A /* AlertModel.swift in Sources */,
				F8721403297D223200FB289A /* GeneratePassword.swift in Sources */,
				F8721409297D3B3A00FB289A /* SuggestionItemView.swift in Sources */,
			);
			runOnlyForDeploymentPostprocessing = 0;
		};
		F87213BB297C470900FB289A /* Sources */ = {
			isa = PBXSourcesBuildPhase;
			buildActionMask = 2147483647;
			files = (
				F87213C4297C470900FB289A /* PasswordVerifierTests.swift in Sources */,
			);
			runOnlyForDeploymentPostprocessing = 0;
		};
		F87213C5297C470900FB289A /* Sources */ = {
			isa = PBXSourcesBuildPhase;
			buildActionMask = 2147483647;
			files = (
				F87213CE297C470900FB289A /* PasswordVerifierUITests.swift in Sources */,
				F87213D0297C470900FB289A /* PasswordVerifierUITestsLaunchTests.swift in Sources */,
			);
			runOnlyForDeploymentPostprocessing = 0;
		};
/* End PBXSourcesBuildPhase section */

/* Begin PBXTargetDependency section */
		F87213C1297C470900FB289A /* PBXTargetDependency */ = {
			isa = PBXTargetDependency;
			target = F87213AE297C470700FB289A /* PasswordVerifier */;
			targetProxy = F87213C0297C470900FB289A /* PBXContainerItemProxy */;
		};
		F87213CB297C470900FB289A /* PBXTargetDependency */ = {
			isa = PBXTargetDependency;
			target = F87213AE297C470700FB289A /* PasswordVerifier */;
			targetProxy = F87213CA297C470900FB289A /* PBXContainerItemProxy */;
		};
/* End PBXTargetDependency section */

/* Begin XCBuildConfiguration section */
		F87213D1297C470900FB289A /* Debug */ = {
			isa = XCBuildConfiguration;
			buildSettings = {
				ALWAYS_SEARCH_USER_PATHS = NO;
				CLANG_ANALYZER_NONNULL = YES;
				CLANG_ANALYZER_NUMBER_OBJECT_CONVERSION = YES_AGGRESSIVE;
				CLANG_CXX_LANGUAGE_STANDARD = "gnu++20";
				CLANG_ENABLE_MODULES = YES;
				CLANG_ENABLE_OBJC_ARC = YES;
				CLANG_ENABLE_OBJC_WEAK = YES;
				CLANG_WARN_BLOCK_CAPTURE_AUTORELEASING = YES;
				CLANG_WARN_BOOL_CONVERSION = YES;
				CLANG_WARN_COMMA = YES;
				CLANG_WARN_CONSTANT_CONVERSION = YES;
				CLANG_WARN_DEPRECATED_OBJC_IMPLEMENTATIONS = YES;
				CLANG_WARN_DIRECT_OBJC_ISA_USAGE = YES_ERROR;
				CLANG_WARN_DOCUMENTATION_COMMENTS = YES;
				CLANG_WARN_EMPTY_BODY = YES;
				CLANG_WARN_ENUM_CONVERSION = YES;
				CLANG_WARN_INFINITE_RECURSION = YES;
				CLANG_WARN_INT_CONVERSION = YES;
				CLANG_WARN_NON_LITERAL_NULL_CONVERSION = YES;
				CLANG_WARN_OBJC_IMPLICIT_RETAIN_SELF = YES;
				CLANG_WARN_OBJC_LITERAL_CONVERSION = YES;
				CLANG_WARN_OBJC_ROOT_CLASS = YES_ERROR;
				CLANG_WARN_QUOTED_INCLUDE_IN_FRAMEWORK_HEADER = YES;
				CLANG_WARN_RANGE_LOOP_ANALYSIS = YES;
				CLANG_WARN_STRICT_PROTOTYPES = YES;
				CLANG_WARN_SUSPICIOUS_MOVE = YES;
				CLANG_WARN_UNGUARDED_AVAILABILITY = YES_AGGRESSIVE;
				CLANG_WARN_UNREACHABLE_CODE = YES;
				CLANG_WARN__DUPLICATE_METHOD_MATCH = YES;
				COPY_PHASE_STRIP = NO;
				DEBUG_INFORMATION_FORMAT = dwarf;
				ENABLE_STRICT_OBJC_MSGSEND = YES;
				ENABLE_TESTABILITY = YES;
				GCC_C_LANGUAGE_STANDARD = gnu11;
				GCC_DYNAMIC_NO_PIC = NO;
				GCC_NO_COMMON_BLOCKS = YES;
				GCC_OPTIMIZATION_LEVEL = 0;
				GCC_PREPROCESSOR_DEFINITIONS = (
					"DEBUG=1",
					"$(inherited)",
				);
				GCC_WARN_64_TO_32_BIT_CONVERSION = YES;
				GCC_WARN_ABOUT_RETURN_TYPE = YES_ERROR;
				GCC_WARN_UNDECLARED_SELECTOR = YES;
				GCC_WARN_UNINITIALIZED_AUTOS = YES_AGGRESSIVE;
				GCC_WARN_UNUSED_FUNCTION = YES;
				GCC_WARN_UNUSED_VARIABLE = YES;
				IPHONEOS_DEPLOYMENT_TARGET = 16.1;
				MTL_ENABLE_DEBUG_INFO = INCLUDE_SOURCE;
				MTL_FAST_MATH = YES;
				ONLY_ACTIVE_ARCH = YES;
				SDKROOT = iphoneos;
				SWIFT_ACTIVE_COMPILATION_CONDITIONS = DEBUG;
				SWIFT_OPTIMIZATION_LEVEL = "-Onone";
			};
			name = Debug;
		};
		F87213D2297C470900FB289A /* Release */ = {
			isa = XCBuildConfiguration;
			buildSettings = {
				ALWAYS_SEARCH_USER_PATHS = NO;
				CLANG_ANALYZER_NONNULL = YES;
				CLANG_ANALYZER_NUMBER_OBJECT_CONVERSION = YES_AGGRESSIVE;
				CLANG_CXX_LANGUAGE_STANDARD = "gnu++20";
				CLANG_ENABLE_MODULES = YES;
				CLANG_ENABLE_OBJC_ARC = YES;
				CLANG_ENABLE_OBJC_WEAK = YES;
				CLANG_WARN_BLOCK_CAPTURE_AUTORELEASING = YES;
				CLANG_WARN_BOOL_CONVERSION = YES;
				CLANG_WARN_COMMA = YES;
				CLANG_WARN_CONSTANT_CONVERSION = YES;
				CLANG_WARN_DEPRECATED_OBJC_IMPLEMENTATIONS = YES;
				CLANG_WARN_DIRECT_OBJC_ISA_USAGE = YES_ERROR;
				CLANG_WARN_DOCUMENTATION_COMMENTS = YES;
				CLANG_WARN_EMPTY_BODY = YES;
				CLANG_WARN_ENUM_CONVERSION = YES;
				CLANG_WARN_INFINITE_RECURSION = YES;
				CLANG_WARN_INT_CONVERSION = YES;
				CLANG_WARN_NON_LITERAL_NULL_CONVERSION = YES;
				CLANG_WARN_OBJC_IMPLICIT_RETAIN_SELF = YES;
				CLANG_WARN_OBJC_LITERAL_CONVERSION = YES;
				CLANG_WARN_OBJC_ROOT_CLASS = YES_ERROR;
				CLANG_WARN_QUOTED_INCLUDE_IN_FRAMEWORK_HEADER = YES;
				CLANG_WARN_RANGE_LOOP_ANALYSIS = YES;
				CLANG_WARN_STRICT_PROTOTYPES = YES;
				CLANG_WARN_SUSPICIOUS_MOVE = YES;
				CLANG_WARN_UNGUARDED_AVAILABILITY = YES_AGGRESSIVE;
				CLANG_WARN_UNREACHABLE_CODE = YES;
				CLANG_WARN__DUPLICATE_METHOD_MATCH = YES;
				COPY_PHASE_STRIP = NO;
				DEBUG_INFORMATION_FORMAT = "dwarf-with-dsym";
				ENABLE_NS_ASSERTIONS = NO;
				ENABLE_STRICT_OBJC_MSGSEND = YES;
				GCC_C_LANGUAGE_STANDARD = gnu11;
				GCC_NO_COMMON_BLOCKS = YES;
				GCC_WARN_64_TO_32_BIT_CONVERSION = YES;
				GCC_WARN_ABOUT_RETURN_TYPE = YES_ERROR;
				GCC_WARN_UNDECLARED_SELECTOR = YES;
				GCC_WARN_UNINITIALIZED_AUTOS = YES_AGGRESSIVE;
				GCC_WARN_UNUSED_FUNCTION = YES;
				GCC_WARN_UNUSED_VARIABLE = YES;
				IPHONEOS_DEPLOYMENT_TARGET = 16.1;
				MTL_ENABLE_DEBUG_INFO = NO;
				MTL_FAST_MATH = YES;
				SDKROOT = iphoneos;
				SWIFT_COMPILATION_MODE = wholemodule;
				SWIFT_OPTIMIZATION_LEVEL = "-O";
				VALIDATE_PRODUCT = YES;
			};
			name = Release;
		};
		F87213D4297C470A00FB289A /* Debug */ = {
			isa = XCBuildConfiguration;
			buildSettings = {
				ASSETCATALOG_COMPILER_APPICON_NAME = AppIcon;
				ASSETCATALOG_COMPILER_GLOBAL_ACCENT_COLOR_NAME = AccentColor;
				CODE_SIGN_ENTITLEMENTS = PasswordVerifier/PasswordVerifier.entitlements;
				CODE_SIGN_STYLE = Automatic;
				CURRENT_PROJECT_VERSION = 1;
				DEVELOPMENT_ASSET_PATHS = "\"PasswordVerifier/Preview Content\"";
				DEVELOPMENT_TEAM = 56W5CBC8F4;
				ENABLE_PREVIEWS = YES;
				GENERATE_INFOPLIST_FILE = YES;
				INFOPLIST_KEY_UIApplicationSceneManifest_Generation = YES;
				INFOPLIST_KEY_UIApplicationSupportsIndirectInputEvents = YES;
				INFOPLIST_KEY_UILaunchScreen_Generation = YES;
				INFOPLIST_KEY_UIRequiresFullScreen = NO;
				INFOPLIST_KEY_UISupportedInterfaceOrientations = "UIInterfaceOrientationLandscapeLeft UIInterfaceOrientationLandscapeRight UIInterfaceOrientationPortrait UIInterfaceOrientationPortraitUpsideDown";
				LD_RUNPATH_SEARCH_PATHS = (
					"$(inherited)",
					"@executable_path/Frameworks",
				);
				MARKETING_VERSION = 1.0;
				PRODUCT_BUNDLE_IDENTIFIER = com.SoloUnity.PasswordVerifier;
				PRODUCT_NAME = "$(TARGET_NAME)";
				SUPPORTED_PLATFORMS = "iphoneos iphonesimulator";
				SUPPORTS_MACCATALYST = NO;
				SUPPORTS_MAC_DESIGNED_FOR_IPHONE_IPAD = YES;
				SWIFT_EMIT_LOC_STRINGS = YES;
				SWIFT_VERSION = 5.0;
				TARGETED_DEVICE_FAMILY = "1,2";
			};
			name = Debug;
		};
		F87213D5297C470A00FB289A /* Release */ = {
			isa = XCBuildConfiguration;
			buildSettings = {
				ASSETCATALOG_COMPILER_APPICON_NAME = AppIcon;
				ASSETCATALOG_COMPILER_GLOBAL_ACCENT_COLOR_NAME = AccentColor;
				CODE_SIGN_ENTITLEMENTS = PasswordVerifier/PasswordVerifier.entitlements;
				CODE_SIGN_STYLE = Automatic;
				CURRENT_PROJECT_VERSION = 1;
				DEVELOPMENT_ASSET_PATHS = "\"PasswordVerifier/Preview Content\"";
				DEVELOPMENT_TEAM = 56W5CBC8F4;
				ENABLE_PREVIEWS = YES;
				GENERATE_INFOPLIST_FILE = YES;
				INFOPLIST_KEY_UIApplicationSceneManifest_Generation = YES;
				INFOPLIST_KEY_UIApplicationSupportsIndirectInputEvents = YES;
				INFOPLIST_KEY_UILaunchScreen_Generation = YES;
				INFOPLIST_KEY_UIRequiresFullScreen = NO;
				INFOPLIST_KEY_UISupportedInterfaceOrientations = "UIInterfaceOrientationLandscapeLeft UIInterfaceOrientationLandscapeRight UIInterfaceOrientationPortrait UIInterfaceOrientationPortraitUpsideDown";
				LD_RUNPATH_SEARCH_PATHS = (
					"$(inherited)",
					"@executable_path/Frameworks",
				);
				MARKETING_VERSION = 1.0;
				PRODUCT_BUNDLE_IDENTIFIER = com.SoloUnity.PasswordVerifier;
				PRODUCT_NAME = "$(TARGET_NAME)";
				SUPPORTED_PLATFORMS = "iphoneos iphonesimulator";
				SUPPORTS_MACCATALYST = NO;
				SUPPORTS_MAC_DESIGNED_FOR_IPHONE_IPAD = YES;
				SWIFT_EMIT_LOC_STRINGS = YES;
				SWIFT_VERSION = 5.0;
				TARGETED_DEVICE_FAMILY = "1,2";
			};
			name = Release;
		};
		F87213D7297C470A00FB289A /* Debug */ = {
			isa = XCBuildConfiguration;
			buildSettings = {
				ALWAYS_EMBED_SWIFT_STANDARD_LIBRARIES = YES;
				BUNDLE_LOADER = "$(TEST_HOST)";
				CODE_SIGN_STYLE = Automatic;
				CURRENT_PROJECT_VERSION = 1;
				DEVELOPMENT_TEAM = 56W5CBC8F4;
				GENERATE_INFOPLIST_FILE = YES;
				IPHONEOS_DEPLOYMENT_TARGET = 16.1;
				MARKETING_VERSION = 1.0;
				PRODUCT_BUNDLE_IDENTIFIER = com.SoloUnity.PasswordVerifierTests;
				PRODUCT_NAME = "$(TARGET_NAME)";
				SWIFT_EMIT_LOC_STRINGS = NO;
				SWIFT_VERSION = 5.0;
				TARGETED_DEVICE_FAMILY = "1,2";
				TEST_HOST = "$(BUILT_PRODUCTS_DIR)/PasswordVerifier.app/$(BUNDLE_EXECUTABLE_FOLDER_PATH)/PasswordVerifier";
			};
			name = Debug;
		};
		F87213D8297C470A00FB289A /* Release */ = {
			isa = XCBuildConfiguration;
			buildSettings = {
				ALWAYS_EMBED_SWIFT_STANDARD_LIBRARIES = YES;
				BUNDLE_LOADER = "$(TEST_HOST)";
				CODE_SIGN_STYLE = Automatic;
				CURRENT_PROJECT_VERSION = 1;
				DEVELOPMENT_TEAM = 56W5CBC8F4;
				GENERATE_INFOPLIST_FILE = YES;
				IPHONEOS_DEPLOYMENT_TARGET = 16.1;
				MARKETING_VERSION = 1.0;
				PRODUCT_BUNDLE_IDENTIFIER = com.SoloUnity.PasswordVerifierTests;
				PRODUCT_NAME = "$(TARGET_NAME)";
				SWIFT_EMIT_LOC_STRINGS = NO;
				SWIFT_VERSION = 5.0;
				TARGETED_DEVICE_FAMILY = "1,2";
				TEST_HOST = "$(BUILT_PRODUCTS_DIR)/PasswordVerifier.app/$(BUNDLE_EXECUTABLE_FOLDER_PATH)/PasswordVerifier";
			};
			name = Release;
		};
		F87213DA297C470A00FB289A /* Debug */ = {
			isa = XCBuildConfiguration;
			buildSettings = {
				ALWAYS_EMBED_SWIFT_STANDARD_LIBRARIES = YES;
				CODE_SIGN_STYLE = Automatic;
				CURRENT_PROJECT_VERSION = 1;
				DEVELOPMENT_TEAM = 56W5CBC8F4;
				GENERATE_INFOPLIST_FILE = YES;
				MARKETING_VERSION = 1.0;
				PRODUCT_BUNDLE_IDENTIFIER = com.SoloUnity.PasswordVerifierUITests;
				PRODUCT_NAME = "$(TARGET_NAME)";
				SWIFT_EMIT_LOC_STRINGS = NO;
				SWIFT_VERSION = 5.0;
				TARGETED_DEVICE_FAMILY = "1,2";
				TEST_TARGET_NAME = PasswordVerifier;
			};
			name = Debug;
		};
		F87213DB297C470A00FB289A /* Release */ = {
			isa = XCBuildConfiguration;
			buildSettings = {
				ALWAYS_EMBED_SWIFT_STANDARD_LIBRARIES = YES;
				CODE_SIGN_STYLE = Automatic;
				CURRENT_PROJECT_VERSION = 1;
				DEVELOPMENT_TEAM = 56W5CBC8F4;
				GENERATE_INFOPLIST_FILE = YES;
				MARKETING_VERSION = 1.0;
				PRODUCT_BUNDLE_IDENTIFIER = com.SoloUnity.PasswordVerifierUITests;
				PRODUCT_NAME = "$(TARGET_NAME)";
				SWIFT_EMIT_LOC_STRINGS = NO;
				SWIFT_VERSION = 5.0;
				TARGETED_DEVICE_FAMILY = "1,2";
				TEST_TARGET_NAME = PasswordVerifier;
			};
			name = Release;
		};
/* End XCBuildConfiguration section */

/* Begin XCConfigurationList section */
		F87213AA297C470700FB289A /* Build configuration list for PBXProject "PasswordVerifier" */ = {
			isa = XCConfigurationList;
			buildConfigurations = (
				F87213D1297C470900FB289A /* Debug */,
				F87213D2297C470900FB289A /* Release */,
			);
			defaultConfigurationIsVisible = 0;
			defaultConfigurationName = Release;
		};
		F87213D3297C470A00FB289A /* Build configuration list for PBXNativeTarget "PasswordVerifier" */ = {
			isa = XCConfigurationList;
			buildConfigurations = (
				F87213D4297C470A00FB289A /* Debug */,
				F87213D5297C470A00FB289A /* Release */,
			);
			defaultConfigurationIsVisible = 0;
			defaultConfigurationName = Release;
		};
		F87213D6297C470A00FB289A /* Build configuration list for PBXNativeTarget "PasswordVerifierTests" */ = {
			isa = XCConfigurationList;
			buildConfigurations = (
				F87213D7297C470A00FB289A /* Debug */,
				F87213D8297C470A00FB289A /* Release */,
			);
			defaultConfigurationIsVisible = 0;
			defaultConfigurationName = Release;
		};
		F87213D9297C470A00FB289A /* Build configuration list for PBXNativeTarget "PasswordVerifierUITests" */ = {
			isa = XCConfigurationList;
			buildConfigurations = (
				F87213DA297C470A00FB289A /* Debug */,
				F87213DB297C470A00FB289A /* Release */,
			);
			defaultConfigurationIsVisible = 0;
			defaultConfigurationName = Release;
		};
/* End XCConfigurationList section */

/* Begin XCRemoteSwiftPackageReference section */
		F872140A297D6FAF00FB289A /* XCRemoteSwiftPackageReference "zxcvbn" */ = {
			isa = XCRemoteSwiftPackageReference;
			repositoryURL = "https://github.com/quickbit/zxcvbn.swift";
			requirement = {
				branch = main;
				kind = branch;
			};
		};
		F872140D297D720500FB289A /* XCRemoteSwiftPackageReference "zxcvbn-swift" */ = {
			isa = XCRemoteSwiftPackageReference;
			repositoryURL = "https://github.com/scr037/zxcvbn-swift";
			requirement = {
				branch = master;
				kind = branch;
			};
		};
/* End XCRemoteSwiftPackageReference section */

/* Begin XCSwiftPackageProductDependency section */
		F872140B297D6FAF00FB289A /* Zxcvbn */ = {
			isa = XCSwiftPackageProductDependency;
			package = F872140A297D6FAF00FB289A /* XCRemoteSwiftPackageReference "zxcvbn" */;
			productName = Zxcvbn;
		};
		F872140E297D720500FB289A /* ZxcvbnSwift */ = {
			isa = XCSwiftPackageProductDependency;
			package = F872140D297D720500FB289A /* XCRemoteSwiftPackageReference "zxcvbn-swift" */;
			productName = ZxcvbnSwift;
		};
/* End XCSwiftPackageProductDependency section */
	};
	rootObject = F87213A7297C470700FB289A /* Project object */;
}
